<?xml version="1.0" encoding="utf-8"?>
<Project ToolsVersion="4.0" xmlns="http://schemas.microsoft.com/developer/msbuild/2003">
  <ItemGroup>
    <Filter Include="Source Files">
      <UniqueIdentifier>{4FC737F1-C7A5-4376-A066-2A32D752A2FF}</UniqueIdentifier>
      <Extensions>cpp;c;cxx;def;odl;idl;hpj;bat;asm;asmx</Extensions>
    </Filter>
    <Filter Include="Header Files">
      <UniqueIdentifier>{93995380-89BD-4b04-88EB-625FBE52EBFB}</UniqueIdentifier>
      <Extensions>h;hpp;hxx;hm;inl;inc;xsd</Extensions>
    </Filter>
    <Filter Include="Source Files\mednafen">
      <UniqueIdentifier>{7e2d28e1-7dea-4830-b6d9-eda0e7a17ecd}</UniqueIdentifier>
    </Filter>
    <Filter Include="Source Files\mednafen\sound">
      <UniqueIdentifier>{1e91b900-1745-439d-9376-bc26074e1010}</UniqueIdentifier>
    </Filter>
    <Filter Include="Source Files\mednafen\video">
      <UniqueIdentifier>{82077d1a-8197-4b2f-8098-2818f64b525d}</UniqueIdentifier>
    </Filter>
    <Filter Include="Source Files\mednafen\trio">
      <UniqueIdentifier>{35dd6f7d-5243-42fb-bf3b-66ae5808c1da}</UniqueIdentifier>
    </Filter>
    <Filter Include="Source Files\mednafen\gba">
      <UniqueIdentifier>{582ed0f8-b1c4-43b6-a8a4-02539d97db13}</UniqueIdentifier>
    </Filter>
    <Filter Include="Source Files\mednafen\hw_sound">
      <UniqueIdentifier>{861b7018-2e33-4135-85a7-7c4a0c4a3b07}</UniqueIdentifier>
    </Filter>
    <Filter Include="Source Files\mednafen\hw_sound\gb_apu">
      <UniqueIdentifier>{e660b8c9-fc08-4c79-9878-3b8f1d476a84}</UniqueIdentifier>
    </Filter>
  </ItemGroup>
  <ItemGroup>
    <ClCompile Include="..\..\..\mednafen\Stream.cpp">
      <Filter>Source Files\mednafen</Filter>
    </ClCompile>
    <ClCompile Include="..\..\..\mednafen\endian.cpp">
      <Filter>Source Files\mednafen</Filter>
    </ClCompile>
    <ClCompile Include="..\..\..\mednafen\error.cpp">
      <Filter>Source Files\mednafen</Filter>
    </ClCompile>
    <ClCompile Include="..\..\..\mednafen\file.cpp">
      <Filter>Source Files\mednafen</Filter>
    </ClCompile>
    <ClCompile Include="..\..\..\mednafen\FileStream.cpp">
      <Filter>Source Files\mednafen</Filter>
    </ClCompile>
    <ClCompile Include="..\..\..\mednafen\FileWrapper.cpp">
      <Filter>Source Files\mednafen</Filter>
    </ClCompile>
    <ClCompile Include="..\..\..\mednafen\general.cpp">
      <Filter>Source Files\mednafen</Filter>
    </ClCompile>
    <ClCompile Include="..\..\..\mednafen\math_ops.cpp">
      <Filter>Source Files\mednafen</Filter>
    </ClCompile>
    <ClCompile Include="..\..\..\mednafen\md5.cpp">
      <Filter>Source Files\mednafen</Filter>
    </ClCompile>
    <ClCompile Include="..\..\..\mednafen\mednafen.cpp">
      <Filter>Source Files\mednafen</Filter>
    </ClCompile>
    <ClCompile Include="..\..\..\mednafen\MemoryStream.cpp">
      <Filter>Source Files\mednafen</Filter>
    </ClCompile>
    <ClCompile Include="..\..\..\mednafen\mempatcher.cpp">
      <Filter>Source Files\mednafen</Filter>
    </ClCompile>
    <ClCompile Include="..\..\..\mednafen\okiadpcm.cpp">
      <Filter>Source Files\mednafen</Filter>
    </ClCompile>
    <ClCompile Include="..\..\..\mednafen\settings.cpp">
      <Filter>Source Files\mednafen</Filter>
    </ClCompile>
    <ClCompile Include="..\..\..\mednafen\state.cpp">
      <Filter>Source Files\mednafen</Filter>
    </ClCompile>
    <ClCompile Include="..\..\..\mednafen\sound\Blip_Buffer.cpp">
      <Filter>Source Files\mednafen\sound</Filter>
    </ClCompile>
    <ClCompile Include="..\..\..\stubs.cpp">
      <Filter>Source Files</Filter>
    </ClCompile>
    <ClCompile Include="..\..\..\libretro.cpp">
      <Filter>Source Files</Filter>
    </ClCompile>
    <ClCompile Include="..\..\..\scrc32.cpp">
      <Filter>Source Files</Filter>
    </ClCompile>
    <ClCompile Include="..\..\..\mednafen\video\surface.cpp">
      <Filter>Source Files\mednafen\video</Filter>
    </ClCompile>
    <ClCompile Include="..\..\..\mednafen\video\Deinterlacer.cpp">
      <Filter>Source Files\mednafen\video</Filter>
    </ClCompile>
    <ClCompile Include="..\..\..\mednafen\trio\triostr.c">
      <Filter>Source Files\mednafen\trio</Filter>
    </ClCompile>
    <ClCompile Include="..\..\..\mednafen\trio\trio.c">
      <Filter>Source Files\mednafen\trio</Filter>
    </ClCompile>
    <ClCompile Include="..\..\..\mednafen\sound\Stereo_Buffer.cpp">
      <Filter>Source Files\mednafen\sound</Filter>
    </ClCompile>
    <ClCompile Include="..\..\..\mednafen\gba\sram.cpp">
      <Filter>Source Files\mednafen\gba</Filter>
    </ClCompile>
    <ClCompile Include="..\..\..\mednafen\gba\thumb.cpp">
      <Filter>Source Files\mednafen\gba</Filter>
    </ClCompile>
    <ClCompile Include="..\..\..\mednafen\gba\arm.cpp">
      <Filter>Source Files\mednafen\gba</Filter>
    </ClCompile>
    <ClCompile Include="..\..\..\mednafen\gba\bios.cpp">
      <Filter>Source Files\mednafen\gba</Filter>
    </ClCompile>
    <ClCompile Include="..\..\..\mednafen\gba\eeprom.cpp">
      <Filter>Source Files\mednafen\gba</Filter>
    </ClCompile>
    <ClCompile Include="..\..\..\mednafen\gba\flash.cpp">
      <Filter>Source Files\mednafen\gba</Filter>
    </ClCompile>
    <ClCompile Include="..\..\..\mednafen\gba\GBA.cpp">
      <Filter>Source Files\mednafen\gba</Filter>
    </ClCompile>
    <ClCompile Include="..\..\..\mednafen\gba\GBAinline.cpp">
      <Filter>Source Files\mednafen\gba</Filter>
    </ClCompile>
    <ClCompile Include="..\..\..\mednafen\gba\Gfx.cpp">
      <Filter>Source Files\mednafen\gba</Filter>
    </ClCompile>
    <ClCompile Include="..\..\..\mednafen\gba\Globals.cpp">
      <Filter>Source Files\mednafen\gba</Filter>
    </ClCompile>
    <ClCompile Include="..\..\..\mednafen\gba\Mode0.cpp">
      <Filter>Source Files\mednafen\gba</Filter>
    </ClCompile>
    <ClCompile Include="..\..\..\mednafen\gba\Mode1.cpp">
      <Filter>Source Files\mednafen\gba</Filter>
    </ClCompile>
    <ClCompile Include="..\..\..\mednafen\gba\Mode2.cpp">
      <Filter>Source Files\mednafen\gba</Filter>
    </ClCompile>
    <ClCompile Include="..\..\..\mednafen\gba\Mode3.cpp">
      <Filter>Source Files\mednafen\gba</Filter>
    </ClCompile>
    <ClCompile Include="..\..\..\mednafen\gba\Mode4.cpp">
      <Filter>Source Files\mednafen\gba</Filter>
    </ClCompile>
    <ClCompile Include="..\..\..\mednafen\gba\Mode5.cpp">
      <Filter>Source Files\mednafen\gba</Filter>
    </ClCompile>
    <ClCompile Include="..\..\..\mednafen\gba\RTC.cpp">
      <Filter>Source Files\mednafen\gba</Filter>
    </ClCompile>
    <ClCompile Include="..\..\..\mednafen\gba\Sound.cpp">
      <Filter>Source Files\mednafen\gba</Filter>
    </ClCompile>
    <ClCompile Include="..\..\..\mednafen\hw_sound\gb_apu\Gb_Oscs.cpp">
      <Filter>Source Files\mednafen\hw_sound\gb_apu</Filter>
    </ClCompile>
    <ClCompile Include="..\..\..\mednafen\hw_sound\gb_apu\Gb_Apu.cpp">
      <Filter>Source Files\mednafen\hw_sound\gb_apu</Filter>
    </ClCompile>
    <ClCompile Include="..\..\..\mednafen\hw_sound\gb_apu\Gb_Apu_State.cpp">
      <Filter>Source Files\mednafen\hw_sound\gb_apu</Filter>
    </ClCompile>
  </ItemGroup>
</Project>