<?xml version="1.0" encoding="utf-8"?>
<Project ToolsVersion="4.0" xmlns="http://schemas.microsoft.com/developer/msbuild/2003">
  <ItemGroup>
    <Filter Include="Source Files">
      <UniqueIdentifier>{4FC737F1-C7A5-4376-A066-2A32D752A2FF}</UniqueIdentifier>
      <Extensions>cpp;c;cxx;def;odl;idl;hpj;bat;asm;asmx</Extensions>
    </Filter>
    <Filter Include="Header Files">
      <UniqueIdentifier>{93995380-89BD-4b04-88EB-625FBE52EBFB}</UniqueIdentifier>
      <Extensions>h;hpp;hxx;hm;inl;inc;xsd</Extensions>
    </Filter>
    <Filter Include="Source Files\mednafen">
      <UniqueIdentifier>{7e2d28e1-7dea-4830-b6d9-eda0e7a17ecd}</UniqueIdentifier>
    </Filter>
    <Filter Include="Source Files\mednafen\ngp">
      <UniqueIdentifier>{582ed0f8-b1c4-43b6-a8a4-02539d97db13}</UniqueIdentifier>
    </Filter>
    <Filter Include="Source Files\mednafen\ngp\TLCS-900h">
      <UniqueIdentifier>{3adc016c-dd82-4dbd-b759-6c3d1b204afa}</UniqueIdentifier>
    </Filter>
    <Filter Include="Source Files\mednafen\hw_cpu">
      <UniqueIdentifier>{861b7018-2e33-4135-85a7-7c4a0c4a3b07}</UniqueIdentifier>
    </Filter>
    <Filter Include="Source Files\mednafen\hw_cpu\z80-fuse">
      <UniqueIdentifier>{a95cfa3b-fcb5-4c31-9fd4-abc04fdd24f7}</UniqueIdentifier>
    </Filter>
    <Filter Include="Source Files\mednafen\sound">
      <UniqueIdentifier>{1e91b900-1745-439d-9376-bc26074e1010}</UniqueIdentifier>
    </Filter>
    <Filter Include="Source Files\mednafen\video">
      <UniqueIdentifier>{82077d1a-8197-4b2f-8098-2818f64b525d}</UniqueIdentifier>
    </Filter>
    <Filter Include="Source Files\mednafen\trio">
      <UniqueIdentifier>{35dd6f7d-5243-42fb-bf3b-66ae5808c1da}</UniqueIdentifier>
    </Filter>
  </ItemGroup>
  <ItemGroup>
    <ClCompile Include="..\..\..\mednafen\Stream.cpp">
      <Filter>Source Files\mednafen</Filter>
    </ClCompile>
    <ClCompile Include="..\..\..\mednafen\endian.cpp">
      <Filter>Source Files\mednafen</Filter>
    </ClCompile>
    <ClCompile Include="..\..\..\mednafen\error.cpp">
      <Filter>Source Files\mednafen</Filter>
    </ClCompile>
    <ClCompile Include="..\..\..\mednafen\file.cpp">
      <Filter>Source Files\mednafen</Filter>
    </ClCompile>
    <ClCompile Include="..\..\..\mednafen\FileStream.cpp">
      <Filter>Source Files\mednafen</Filter>
    </ClCompile>
    <ClCompile Include="..\..\..\mednafen\FileWrapper.cpp">
      <Filter>Source Files\mednafen</Filter>
    </ClCompile>
    <ClCompile Include="..\..\..\mednafen\general.cpp">
      <Filter>Source Files\mednafen</Filter>
    </ClCompile>
    <ClCompile Include="..\..\..\mednafen\math_ops.cpp">
      <Filter>Source Files\mednafen</Filter>
    </ClCompile>
    <ClCompile Include="..\..\..\mednafen\md5.cpp">
      <Filter>Source Files\mednafen</Filter>
    </ClCompile>
    <ClCompile Include="..\..\..\mednafen\mednafen.cpp">
      <Filter>Source Files\mednafen</Filter>
    </ClCompile>
    <ClCompile Include="..\..\..\mednafen\MemoryStream.cpp">
      <Filter>Source Files\mednafen</Filter>
    </ClCompile>
    <ClCompile Include="..\..\..\mednafen\mempatcher.cpp">
      <Filter>Source Files\mednafen</Filter>
    </ClCompile>
    <ClCompile Include="..\..\..\mednafen\okiadpcm.cpp">
      <Filter>Source Files\mednafen</Filter>
    </ClCompile>
    <ClCompile Include="..\..\..\mednafen\settings.cpp">
      <Filter>Source Files\mednafen</Filter>
    </ClCompile>
    <ClCompile Include="..\..\..\mednafen\state.cpp">
      <Filter>Source Files\mednafen</Filter>
    </ClCompile>
    <ClCompile Include="..\..\..\mednafen\hw_cpu\z80-fuse\z80_ops.cpp">
      <Filter>Source Files\mednafen\hw_cpu\z80-fuse</Filter>
    </ClCompile>
    <ClCompile Include="..\..\..\mednafen\hw_cpu\z80-fuse\z80.cpp">
      <Filter>Source Files\mednafen\hw_cpu\z80-fuse</Filter>
    </ClCompile>
    <ClCompile Include="..\..\..\mednafen\sound\Blip_Buffer.cpp">
      <Filter>Source Files\mednafen\sound</Filter>
    </ClCompile>
    <ClCompile Include="..\..\..\stubs.cpp">
      <Filter>Source Files</Filter>
    </ClCompile>
    <ClCompile Include="..\..\..\libretro.cpp">
      <Filter>Source Files</Filter>
    </ClCompile>
    <ClCompile Include="..\..\..\scrc32.cpp">
      <Filter>Source Files</Filter>
    </ClCompile>
    <ClCompile Include="..\..\..\mednafen\video\surface.cpp">
      <Filter>Source Files\mednafen\video</Filter>
    </ClCompile>
    <ClCompile Include="..\..\..\mednafen\video\Deinterlacer.cpp">
      <Filter>Source Files\mednafen\video</Filter>
    </ClCompile>
    <ClCompile Include="..\..\..\mednafen\trio\triostr.c">
      <Filter>Source Files\mednafen\trio</Filter>
    </ClCompile>
    <ClCompile Include="..\..\..\mednafen\trio\trio.c">
      <Filter>Source Files\mednafen\trio</Filter>
    </ClCompile>
    <ClCompile Include="..\..\..\mednafen\sound\Stereo_Buffer.cpp">
      <Filter>Source Files\mednafen\sound</Filter>
    </ClCompile>
    <ClCompile Include="..\..\..\mednafen\ngp-09333\TLCS-900h\TLCS900h_disassemble.cpp">
      <Filter>Source Files\mednafen\ngp\TLCS-900h</Filter>
    </ClCompile>
    <ClCompile Include="..\..\..\mednafen\ngp-09333\TLCS-900h\TLCS900h_disassemble_dst.cpp">
      <Filter>Source Files\mednafen\ngp\TLCS-900h</Filter>
    </ClCompile>
    <ClCompile Include="..\..\..\mednafen\ngp-09333\TLCS-900h\TLCS900h_disassemble_extra.cpp">
      <Filter>Source Files\mednafen\ngp\TLCS-900h</Filter>
    </ClCompile>
    <ClCompile Include="..\..\..\mednafen\ngp-09333\TLCS-900h\TLCS900h_disassemble_reg.cpp">
      <Filter>Source Files\mednafen\ngp\TLCS-900h</Filter>
    </ClCompile>
    <ClCompile Include="..\..\..\mednafen\ngp-09333\TLCS-900h\TLCS900h_disassemble_src.cpp">
      <Filter>Source Files\mednafen\ngp\TLCS-900h</Filter>
    </ClCompile>
    <ClCompile Include="..\..\..\mednafen\ngp-09333\TLCS-900h\TLCS900h_interpret.cpp">
      <Filter>Source Files\mednafen\ngp\TLCS-900h</Filter>
    </ClCompile>
    <ClCompile Include="..\..\..\mednafen\ngp-09333\TLCS-900h\TLCS900h_interpret_dst.cpp">
      <Filter>Source Files\mednafen\ngp\TLCS-900h</Filter>
    </ClCompile>
    <ClCompile Include="..\..\..\mednafen\ngp-09333\TLCS-900h\TLCS900h_interpret_reg.cpp">
      <Filter>Source Files\mednafen\ngp\TLCS-900h</Filter>
    </ClCompile>
    <ClCompile Include="..\..\..\mednafen\ngp-09333\TLCS-900h\TLCS900h_interpret_single.cpp">
      <Filter>Source Files\mednafen\ngp\TLCS-900h</Filter>
    </ClCompile>
    <ClCompile Include="..\..\..\mednafen\ngp-09333\TLCS-900h\TLCS900h_interpret_src.cpp">
      <Filter>Source Files\mednafen\ngp\TLCS-900h</Filter>
    </ClCompile>
    <ClCompile Include="..\..\..\mednafen\ngp-09333\TLCS-900h\TLCS900h_registers.cpp">
      <Filter>Source Files\mednafen\ngp\TLCS-900h</Filter>
    </ClCompile>
    <ClCompile Include="..\..\..\mednafen\ngp-09333\bios.cpp">
      <Filter>Source Files\mednafen\ngp</Filter>
    </ClCompile>
    <ClCompile Include="..\..\..\mednafen\ngp-09333\biosHLE.cpp">
      <Filter>Source Files\mednafen\ngp</Filter>
    </ClCompile>
    <ClCompile Include="..\..\..\mednafen\ngp-09333\dma.cpp">
      <Filter>Source Files\mednafen\ngp</Filter>
    </ClCompile>
    <ClCompile Include="..\..\..\mednafen\ngp-09333\flash.cpp">
      <Filter>Source Files\mednafen\ngp</Filter>
    </ClCompile>
    <ClCompile Include="..\..\..\mednafen\ngp-09333\gfx.cpp">
      <Filter>Source Files\mednafen\ngp</Filter>
    </ClCompile>
    <ClCompile Include="..\..\..\mednafen\ngp-09333\gfx_scanline_colour.cpp">
      <Filter>Source Files\mednafen\ngp</Filter>
    </ClCompile>
    <ClCompile Include="..\..\..\mednafen\ngp-09333\gfx_scanline_mono.cpp">
      <Filter>Source Files\mednafen\ngp</Filter>
    </ClCompile>
    <ClCompile Include="..\..\..\mednafen\ngp-09333\interrupt.cpp">
      <Filter>Source Files\mednafen\ngp</Filter>
    </ClCompile>
    <ClCompile Include="..\..\..\mednafen\ngp-09333\mem.cpp">
      <Filter>Source Files\mednafen\ngp</Filter>
    </ClCompile>
    <ClCompile Include="..\..\..\mednafen\ngp-09333\neopop.cpp">
      <Filter>Source Files\mednafen\ngp</Filter>
    </ClCompile>
    <ClCompile Include="..\..\..\mednafen\ngp-09333\rom.cpp">
      <Filter>Source Files\mednafen\ngp</Filter>
    </ClCompile>
    <ClCompile Include="..\..\..\mednafen\ngp-09333\rtc.cpp">
      <Filter>Source Files\mednafen\ngp</Filter>
    </ClCompile>
    <ClCompile Include="..\..\..\mednafen\ngp-09333\sound.cpp">
      <Filter>Source Files\mednafen\ngp</Filter>
    </ClCompile>
    <ClCompile Include="..\..\..\mednafen\ngp-09333\T6W28_Apu.cpp">
      <Filter>Source Files\mednafen\ngp</Filter>
    </ClCompile>
    <ClCompile Include="..\..\..\mednafen\ngp-09333\Z80_interface.cpp">
      <Filter>Source Files\mednafen\ngp</Filter>
    </ClCompile>
    <ClCompile Include="..\..\..\mednafen\player.cpp">
      <Filter>Source Files\mednafen</Filter>
    </ClCompile>
  </ItemGroup>
</Project>