<?xml version="1.0" encoding="utf-8"?>
<Project ToolsVersion="4.0" xmlns="http://schemas.microsoft.com/developer/msbuild/2003">
  <ItemGroup>
    <Filter Include="Source Files">
      <UniqueIdentifier>{4FC737F1-C7A5-4376-A066-2A32D752A2FF}</UniqueIdentifier>
      <Extensions>cpp;c;cc;cxx;def;odl;idl;hpj;bat;asm;asmx</Extensions>
    </Filter>
    <Filter Include="Header Files">
      <UniqueIdentifier>{93995380-89BD-4b04-88EB-625FBE52EBFB}</UniqueIdentifier>
      <Extensions>h;hpp;hxx;hm;inl;inc;xsd</Extensions>
    </Filter>
    <Filter Include="Resource Files">
      <UniqueIdentifier>{67DA6AB6-F800-4c08-8B7A-83BB121AAD01}</UniqueIdentifier>
      <Extensions>rc;ico;cur;bmp;dlg;rc2;rct;bin;rgs;gif;jpg;jpeg;jpe;resx;tiff;tif;png;wav;mfcribbon-ms</Extensions>
    </Filter>
    <Filter Include="Source Files\mednafen-libretro">
      <UniqueIdentifier>{b68ac4b4-7b1b-4552-934b-591f115f179c}</UniqueIdentifier>
    </Filter>
    <Filter Include="Source Files\mednafen">
      <UniqueIdentifier>{6e1feaad-8f37-43dc-a5a4-e7a7b3f5afb4}</UniqueIdentifier>
    </Filter>
    <Filter Include="Source Files\mednafen\psx">
      <UniqueIdentifier>{2084ac9e-d736-4f6b-8ae9-bbac2fd7266f}</UniqueIdentifier>
    </Filter>
    <Filter Include="Source Files\mednafen\psx\input">
      <UniqueIdentifier>{7a441143-fede-4e31-b53a-0f3760d90fe3}</UniqueIdentifier>
    </Filter>
    <Filter Include="Source Files\mednafen\cdrom">
      <UniqueIdentifier>{4b65b457-bf54-4a58-8988-2d41de7836fc}</UniqueIdentifier>
    </Filter>
    <Filter Include="Source Files\mednafen\sound">
      <UniqueIdentifier>{17bf18c6-2a07-456d-b3c9-c1e58e556733}</UniqueIdentifier>
    </Filter>
    <Filter Include="Source Files\mednafen\string">
      <UniqueIdentifier>{7eaf3432-ca88-4867-9d71-32f75d8334d5}</UniqueIdentifier>
    </Filter>
    <Filter Include="Source Files\mednafen\video">
      <UniqueIdentifier>{6ebe59df-57e5-44cb-9a5d-cc954268c480}</UniqueIdentifier>
    </Filter>
    <Filter Include="Source Files\mednafen-libretro\psx">
      <UniqueIdentifier>{a2821c60-f219-4622-ad44-c64bcd811066}</UniqueIdentifier>
    </Filter>
  </ItemGroup>
  <ItemGroup>
    <ClCompile Include="..\..\libretro.cpp">
      <Filter>Source Files</Filter>
    </ClCompile>
    <ClCompile Include="..\..\stubs.cpp">
      <Filter>Source Files</Filter>
    </ClCompile>
    <ClCompile Include="..\..\thread.cpp">
      <Filter>Source Files</Filter>
    </ClCompile>
    <ClCompile Include="..\..\mednafen\cdplay.cpp">
      <Filter>Source Files\mednafen</Filter>
    </ClCompile>
    <ClCompile Include="..\..\mednafen\endian.cpp">
      <Filter>Source Files\mednafen</Filter>
    </ClCompile>
    <ClCompile Include="..\..\mednafen\error.cpp">
      <Filter>Source Files\mednafen</Filter>
    </ClCompile>
    <ClCompile Include="..\..\mednafen\file.cpp">
      <Filter>Source Files\mednafen</Filter>
    </ClCompile>
    <ClCompile Include="..\..\mednafen\FileWrapper.cpp">
      <Filter>Source Files\mednafen</Filter>
    </ClCompile>
    <ClCompile Include="..\..\mednafen\general.cpp">
      <Filter>Source Files\mednafen</Filter>
    </ClCompile>
    <ClCompile Include="..\..\mednafen\math_ops.cpp">
      <Filter>Source Files\mednafen</Filter>
    </ClCompile>
    <ClCompile Include="..\..\mednafen\md5.cpp">
      <Filter>Source Files\mednafen</Filter>
    </ClCompile>
    <ClCompile Include="..\..\mednafen\mednafen.cpp">
      <Filter>Source Files\mednafen</Filter>
    </ClCompile>
    <ClCompile Include="..\..\mednafen\memory.cpp">
      <Filter>Source Files\mednafen</Filter>
    </ClCompile>
    <ClCompile Include="..\..\mednafen\mempatcher.cpp">
      <Filter>Source Files\mednafen</Filter>
    </ClCompile>
    <ClCompile Include="..\..\mednafen\movie.cpp">
      <Filter>Source Files\mednafen</Filter>
    </ClCompile>
    <ClCompile Include="..\..\mednafen\netplay.cpp">
      <Filter>Source Files\mednafen</Filter>
    </ClCompile>
    <ClCompile Include="..\..\mednafen\okiadpcm.cpp">
      <Filter>Source Files\mednafen</Filter>
    </ClCompile>
    <ClCompile Include="..\..\mednafen\player.cpp">
      <Filter>Source Files\mednafen</Filter>
    </ClCompile>
    <ClCompile Include="..\..\mednafen\PSFLoader.cpp">
      <Filter>Source Files\mednafen</Filter>
    </ClCompile>
    <ClCompile Include="..\..\mednafen\qtrecord.cpp">
      <Filter>Source Files\mednafen</Filter>
    </ClCompile>
    <ClCompile Include="..\..\mednafen\settings.cpp">
      <Filter>Source Files\mednafen</Filter>
    </ClCompile>
    <ClCompile Include="..\..\mednafen\state.cpp">
      <Filter>Source Files\mednafen</Filter>
    </ClCompile>
    <ClCompile Include="..\..\mednafen\tests.cpp">
      <Filter>Source Files\mednafen</Filter>
    </ClCompile>
    <ClCompile Include="..\..\mednafen\psx\cdc.cpp">
      <Filter>Source Files\mednafen\psx</Filter>
    </ClCompile>
    <ClCompile Include="..\..\mednafen\psx\cpu.cpp">
      <Filter>Source Files\mednafen\psx</Filter>
    </ClCompile>
    <ClCompile Include="..\..\mednafen\psx\debug.cpp">
      <Filter>Source Files\mednafen\psx</Filter>
    </ClCompile>
    <ClCompile Include="..\..\mednafen\psx\dis.cpp">
      <Filter>Source Files\mednafen\psx</Filter>
    </ClCompile>
    <ClCompile Include="..\..\mednafen\psx\dma.cpp">
      <Filter>Source Files\mednafen\psx</Filter>
    </ClCompile>
    <ClCompile Include="..\..\mednafen\psx\frontio.cpp">
      <Filter>Source Files\mednafen\psx</Filter>
    </ClCompile>
    <ClCompile Include="..\..\mednafen\psx\gpu.cpp">
      <Filter>Source Files\mednafen\psx</Filter>
    </ClCompile>
    <ClCompile Include="..\..\mednafen\psx\gte.cpp">
      <Filter>Source Files\mednafen\psx</Filter>
    </ClCompile>
    <ClCompile Include="..\..\mednafen\psx\irq.cpp">
      <Filter>Source Files\mednafen\psx</Filter>
    </ClCompile>
    <ClCompile Include="..\..\mednafen\psx\mdec.cpp">
      <Filter>Source Files\mednafen\psx</Filter>
    </ClCompile>
    <ClCompile Include="..\..\mednafen\psx\psx.cpp">
      <Filter>Source Files\mednafen\psx</Filter>
    </ClCompile>
    <ClCompile Include="..\..\mednafen\psx\sio.cpp">
      <Filter>Source Files\mednafen\psx</Filter>
    </ClCompile>
    <ClCompile Include="..\..\mednafen\psx\spu.cpp">
      <Filter>Source Files\mednafen\psx</Filter>
    </ClCompile>
    <ClCompile Include="..\..\mednafen\psx\timer.cpp">
      <Filter>Source Files\mednafen\psx</Filter>
    </ClCompile>
    <ClCompile Include="..\..\mednafen\psx\input\dualanalog.cpp">
      <Filter>Source Files\mednafen\psx\input</Filter>
    </ClCompile>
    <ClCompile Include="..\..\mednafen\psx\input\gamepad.cpp">
      <Filter>Source Files\mednafen\psx\input</Filter>
    </ClCompile>
    <ClCompile Include="..\..\mednafen\psx\input\memcard.cpp">
      <Filter>Source Files\mednafen\psx\input</Filter>
    </ClCompile>
    <ClCompile Include="..\..\mednafen\psx\input\mouse.cpp">
      <Filter>Source Files\mednafen\psx\input</Filter>
    </ClCompile>
    <ClCompile Include="..\..\mednafen\psx\input\multitap.cpp">
      <Filter>Source Files\mednafen\psx\input</Filter>
    </ClCompile>
    <ClCompile Include="..\..\mednafen\cdrom\audioreader.cpp">
      <Filter>Source Files\mednafen\cdrom</Filter>
    </ClCompile>
    <ClCompile Include="..\..\mednafen\cdrom\CDAccess.cpp">
      <Filter>Source Files\mednafen\cdrom</Filter>
    </ClCompile>
    <ClCompile Include="..\..\mednafen\cdrom\CDAccess_Image.cpp">
      <Filter>Source Files\mednafen\cdrom</Filter>
    </ClCompile>
    <ClCompile Include="..\..\mednafen\cdrom\CDAccess_Physical.cpp">
      <Filter>Source Files\mednafen\cdrom</Filter>
    </ClCompile>
    <ClCompile Include="..\..\mednafen\cdrom\cdromif.cpp">
      <Filter>Source Files\mednafen\cdrom</Filter>
    </ClCompile>
    <ClCompile Include="..\..\mednafen\cdrom\CDUtility.cpp">
      <Filter>Source Files\mednafen\cdrom</Filter>
    </ClCompile>
    <ClCompile Include="..\..\mednafen\cdrom\crc32.cpp">
      <Filter>Source Files\mednafen\cdrom</Filter>
    </ClCompile>
    <ClCompile Include="..\..\mednafen\cdrom\galois.cpp">
      <Filter>Source Files\mednafen\cdrom</Filter>
    </ClCompile>
    <ClCompile Include="..\..\mednafen\cdrom\lec.cpp">
      <Filter>Source Files\mednafen\cdrom</Filter>
    </ClCompile>
    <ClCompile Include="..\..\mednafen\cdrom\l-ec.cpp">
      <Filter>Source Files\mednafen\cdrom</Filter>
    </ClCompile>
    <ClCompile Include="..\..\mednafen\cdrom\pcecd.cpp">
      <Filter>Source Files\mednafen\cdrom</Filter>
    </ClCompile>
    <ClCompile Include="..\..\mednafen\cdrom\recover-raw.cpp">
      <Filter>Source Files\mednafen\cdrom</Filter>
    </ClCompile>
    <ClCompile Include="..\..\mednafen\cdrom\scsicd.cpp">
      <Filter>Source Files\mednafen\cdrom</Filter>
    </ClCompile>
    <ClCompile Include="..\..\mednafen\cdrom\SimpleFIFO.cpp">
      <Filter>Source Files\mednafen\cdrom</Filter>
    </ClCompile>
    <ClCompile Include="..\..\mednafen\sound\Blip_Buffer.cpp">
      <Filter>Source Files\mednafen\sound</Filter>
    </ClCompile>
    <ClCompile Include="..\..\mednafen\sound\Fir_Resampler.cpp">
      <Filter>Source Files\mednafen\sound</Filter>
    </ClCompile>
    <ClCompile Include="..\..\mednafen\sound\sound.cpp">
      <Filter>Source Files\mednafen\sound</Filter>
    </ClCompile>
    <ClCompile Include="..\..\mednafen\sound\Stereo_Buffer.cpp">
      <Filter>Source Files\mednafen\sound</Filter>
    </ClCompile>
    <ClCompile Include="..\..\mednafen\sound\WAVRecord.cpp">
      <Filter>Source Files\mednafen\sound</Filter>
    </ClCompile>
    <ClCompile Include="..\..\mednafen\string\ConvertUTF.cpp">
      <Filter>Source Files\mednafen\string</Filter>
    </ClCompile>
    <ClCompile Include="..\..\mednafen\string\escape.cpp">
      <Filter>Source Files\mednafen\string</Filter>
    </ClCompile>
    <ClCompile Include="..\..\mednafen\video\Deinterlacer.cpp">
      <Filter>Source Files\mednafen\video</Filter>
    </ClCompile>
    <ClCompile Include="..\..\mednafen\video\png.cpp">
      <Filter>Source Files\mednafen\video</Filter>
    </ClCompile>
    <ClCompile Include="..\..\mednafen\video\resize.cpp">
      <Filter>Source Files\mednafen\video</Filter>
    </ClCompile>
    <ClCompile Include="..\..\mednafen\video\surface.cpp">
      <Filter>Source Files\mednafen\video</Filter>
    </ClCompile>
    <ClCompile Include="..\..\mednafen\video\tblur.cpp">
      <Filter>Source Files\mednafen\video</Filter>
    </ClCompile>
    <ClCompile Include="..\..\mednafen\video\text.cpp">
      <Filter>Source Files\mednafen\video</Filter>
    </ClCompile>
    <ClCompile Include="..\..\mednafen\video\video.cpp">
      <Filter>Source Files\mednafen\video</Filter>
    </ClCompile>
    <ClCompile Include="..\..\mednafen\video\font-data.cpp">
      <Filter>Source Files\mednafen\video</Filter>
    </ClCompile>
    <ClCompile Include="..\..\mednafen-libretro\psx\spu.cpp">
      <Filter>Source Files\mednafen-libretro\psx</Filter>
    </ClCompile>
    <ClCompile Include="..\..\mednafen-libretro\cdplay.cpp">
      <Filter>Source Files\mednafen-libretro</Filter>
    </ClCompile>
    <ClCompile Include="..\..\mednafen-libretro\mednafen-libretro.cpp">
      <Filter>Source Files\mednafen-libretro</Filter>
    </ClCompile>
    <ClCompile Include="..\..\mednafen-libretro\state.cpp">
      <Filter>Source Files\mednafen-libretro</Filter>
    </ClCompile>
  </ItemGroup>
</Project>