<?xml version="1.0" encoding="utf-8"?>
<Project ToolsVersion="4.0" xmlns="http://schemas.microsoft.com/developer/msbuild/2003">
  <ItemGroup>
    <Filter Include="libretro-common">
      <UniqueIdentifier>{403444dc-ce2c-401e-b023-f0bf843e483e}</UniqueIdentifier>
    </Filter>
    <Filter Include="libretro-common\file">
      <UniqueIdentifier>{13cb015d-eec5-445a-a7ff-c276953dc698}</UniqueIdentifier>
    </Filter>
    <Filter Include="libretro-common\rthreads">
      <UniqueIdentifier>{2bec7374-d33e-4807-a98c-ef47f98dac74}</UniqueIdentifier>
    </Filter>
    <Filter Include="libretro-common\streams">
      <UniqueIdentifier>{856825ad-d503-4c13-9cc9-d907ee37a4b7}</UniqueIdentifier>
    </Filter>
    <Filter Include="mednafen">
      <UniqueIdentifier>{88d44dbf-9f5e-4a8f-95d8-e37789fe183f}</UniqueIdentifier>
    </Filter>
    <Filter Include="mednafen\psx">
      <UniqueIdentifier>{91e055eb-9178-46b8-967b-4600d1368577}</UniqueIdentifier>
    </Filter>
    <Filter Include="mednafen\psx\input">
      <UniqueIdentifier>{8ded46e8-a8e5-4310-a9dd-3ac13a40c5f9}</UniqueIdentifier>
    </Filter>
    <Filter Include="mednafen\video">
      <UniqueIdentifier>{1e2dc216-8cd7-4d0b-809c-d86ef961b732}</UniqueIdentifier>
    </Filter>
    <Filter Include="mednafen\cdrom">
      <UniqueIdentifier>{dba242e6-9e7c-4dbd-b765-b7bde9be02c9}</UniqueIdentifier>
    </Filter>
    <Filter Include="mednafen\tremor">
      <UniqueIdentifier>{94006258-544b-43db-9ada-8e4d16ba43d3}</UniqueIdentifier>
    </Filter>
    <Filter Include="rsx">
      <UniqueIdentifier>{5706070e-2064-4681-ac4b-8132fcbdc25f}</UniqueIdentifier>
    </Filter>
    <Filter Include="rustation-libretro">
      <UniqueIdentifier>{04c78d13-b2e5-4857-8f04-175ed5ba34fc}</UniqueIdentifier>
    </Filter>
    <Filter Include="rustation-libretro\src">
      <UniqueIdentifier>{9614183f-6ab8-4598-95af-9db7e2c11e52}</UniqueIdentifier>
    </Filter>
    <Filter Include="rustation-libretro\src\retrogl">
      <UniqueIdentifier>{4ea17930-f57f-4e40-bb5b-2ec1b2224247}</UniqueIdentifier>
    </Filter>
    <Filter Include="rustation-libretro\src\renderer">
      <UniqueIdentifier>{84492a7d-6517-4300-990c-1c6b3b5c6316}</UniqueIdentifier>
    </Filter>
    <Filter Include="rustation-libretro\src\renderer\shaders">
      <UniqueIdentifier>{ae4c2f1c-fa30-4aa8-a219-32141f74b36c}</UniqueIdentifier>
    </Filter>
    <Filter Include="libretro-common\glsm">
      <UniqueIdentifier>{98be3e51-e68d-4fd3-a638-848668999fb6}</UniqueIdentifier>
    </Filter>
    <Filter Include="libretro-common\glsym">
      <UniqueIdentifier>{27deff3a-b402-46a1-ae77-ede6e59c6552}</UniqueIdentifier>
    </Filter>
    <Filter Include="deps">
      <UniqueIdentifier>{eebe808e-91a2-45d0-bed2-980d59d3372b}</UniqueIdentifier>
    </Filter>
    <Filter Include="deps\zlib">
      <UniqueIdentifier>{62b46b56-0d74-49ff-800a-07247d7f3227}</UniqueIdentifier>
    </Filter>
    <Filter Include="deps\libkirk">
      <UniqueIdentifier>{334e85ce-3ac8-4d20-bba8-da1a8dcaf58d}</UniqueIdentifier>
    </Filter>
    <Filter Include="libretro-common\string">
      <UniqueIdentifier>{d52b2ce6-db41-40b7-8ee9-110a48e5793a}</UniqueIdentifier>
    </Filter>
    <Filter Include="pgxp">
      <UniqueIdentifier>{939be7e9-0bc9-40c1-986c-b59770f862cc}</UniqueIdentifier>
    </Filter>
    <Filter Include="flac">
      <UniqueIdentifier>{7278a27a-27eb-4eac-a72a-ce980cad47e2}</UniqueIdentifier>
    </Filter>
    <Filter Include="deps\lzma">
      <UniqueIdentifier>{71f90571-86cb-4be6-9515-d348773a924c}</UniqueIdentifier>
    </Filter>
    <Filter Include="libretro-common\hash">
      <UniqueIdentifier>{a5cc2532-f602-4180-805d-c9ee63636ffc}</UniqueIdentifier>
    </Filter>
    <Filter Include="libretro-common\encodings">
      <UniqueIdentifier>{18421ee3-eea8-4fd8-8334-50a662013ccd}</UniqueIdentifier>
    </Filter>
    <Filter Include="libretro-common\compat">
      <UniqueIdentifier>{9bb44ae3-51e1-489a-8043-62823bab3dc4}</UniqueIdentifier>
    </Filter>
    <Filter Include="deps\crypto">
      <UniqueIdentifier>{fedca8ab-b89c-443b-afe8-879e86b7fd26}</UniqueIdentifier>
    </Filter>
    <Filter Include="deps\libchdr">
      <UniqueIdentifier>{12aef0cf-2af1-44f6-8b66-748afdb139a4}</UniqueIdentifier>
    </Filter>
    <Filter Include="libretro-common\vfs">
      <UniqueIdentifier>{b2c8ed6d-a8b0-4db4-98bc-bb9dc77672f2}</UniqueIdentifier>
    </Filter>
    <Filter Include="parallel-psx">
      <UniqueIdentifier>{ddfa7c72-b054-4952-92e3-ec6ada0ebfa7}</UniqueIdentifier>
    </Filter>
    <Filter Include="parallel-psx\atlas">
      <UniqueIdentifier>{865987f1-1e9e-4925-bb32-fdc964572eb5}</UniqueIdentifier>
    </Filter>
    <Filter Include="parallel-psx\vulkan">
      <UniqueIdentifier>{909627a8-f2dd-494d-807f-0dedd08d8fbd}</UniqueIdentifier>
    </Filter>
    <Filter Include="parallel-psx\renderer">
      <UniqueIdentifier>{856e1122-cfd8-47d5-a8f0-a22962339f13}</UniqueIdentifier>
    </Filter>
    <Filter Include="parallel-psx\vulkan\SPIRV-Cross">
      <UniqueIdentifier>{1206038d-6a45-4f62-97d2-90ed16bcd5f2}</UniqueIdentifier>
    </Filter>
  </ItemGroup>
  <ItemGroup>
    <ClCompile Include="..\libretro-common\rthreads\rthreads.c">
      <Filter>libretro-common\rthreads</Filter>
    </ClCompile>
    <ClCompile Include="..\libretro-common\streams\file_stream.c">
      <Filter>libretro-common\streams</Filter>
    </ClCompile>
    <ClCompile Include="..\mednafen\error.cpp">
      <Filter>mednafen</Filter>
    </ClCompile>
    <ClCompile Include="..\mednafen\FileStream.cpp">
      <Filter>mednafen</Filter>
    </ClCompile>
    <ClCompile Include="..\mednafen\general.cpp">
      <Filter>mednafen</Filter>
    </ClCompile>
    <ClCompile Include="..\mednafen\md5.c">
      <Filter>mednafen</Filter>
    </ClCompile>
    <ClCompile Include="..\mednafen\MemoryStream.cpp">
      <Filter>mednafen</Filter>
    </ClCompile>
    <ClCompile Include="..\mednafen\mempatcher.cpp">
      <Filter>mednafen</Filter>
    </ClCompile>
    <ClCompile Include="..\mednafen\settings.cpp">
      <Filter>mednafen</Filter>
    </ClCompile>
    <ClCompile Include="..\mednafen\state.cpp">
      <Filter>mednafen</Filter>
    </ClCompile>
    <ClCompile Include="..\mednafen\Stream.cpp">
      <Filter>mednafen</Filter>
    </ClCompile>
    <ClCompile Include="..\mednafen\psx\cdc.cpp">
      <Filter>mednafen\psx</Filter>
    </ClCompile>
    <ClCompile Include="..\mednafen\psx\cpu.cpp">
      <Filter>mednafen\psx</Filter>
    </ClCompile>
    <ClCompile Include="..\mednafen\psx\dma.cpp">
      <Filter>mednafen\psx</Filter>
    </ClCompile>
    <ClCompile Include="..\mednafen\psx\frontio.cpp">
      <Filter>mednafen\psx</Filter>
    </ClCompile>
    <ClCompile Include="..\mednafen\psx\gpu.cpp">
      <Filter>mednafen\psx</Filter>
    </ClCompile>
    <ClCompile Include="..\mednafen\psx\gte.cpp">
      <Filter>mednafen\psx</Filter>
    </ClCompile>
    <ClCompile Include="..\mednafen\psx\irq.cpp">
      <Filter>mednafen\psx</Filter>
    </ClCompile>
    <ClCompile Include="..\mednafen\psx\mdec.cpp">
      <Filter>mednafen\psx</Filter>
    </ClCompile>
    <ClCompile Include="..\mednafen\psx\sio.cpp">
      <Filter>mednafen\psx</Filter>
    </ClCompile>
    <ClCompile Include="..\mednafen\psx\spu.cpp">
      <Filter>mednafen\psx</Filter>
    </ClCompile>
    <ClCompile Include="..\mednafen\psx\timer.cpp">
      <Filter>mednafen\psx</Filter>
    </ClCompile>
    <ClCompile Include="..\mednafen\psx\input\dualanalog.cpp">
      <Filter>mednafen\psx\input</Filter>
    </ClCompile>
    <ClCompile Include="..\mednafen\psx\input\dualshock.cpp">
      <Filter>mednafen\psx\input</Filter>
    </ClCompile>
    <ClCompile Include="..\mednafen\psx\input\gamepad.cpp">
      <Filter>mednafen\psx\input</Filter>
    </ClCompile>
    <ClCompile Include="..\mednafen\psx\input\guncon.cpp">
      <Filter>mednafen\psx\input</Filter>
    </ClCompile>
    <ClCompile Include="..\mednafen\psx\input\justifier.cpp">
      <Filter>mednafen\psx\input</Filter>
    </ClCompile>
    <ClCompile Include="..\mednafen\psx\input\memcard.cpp">
      <Filter>mednafen\psx\input</Filter>
    </ClCompile>
    <ClCompile Include="..\mednafen\psx\input\mouse.cpp">
      <Filter>mednafen\psx\input</Filter>
    </ClCompile>
    <ClCompile Include="..\mednafen\psx\input\multitap.cpp">
      <Filter>mednafen\psx\input</Filter>
    </ClCompile>
    <ClCompile Include="..\mednafen\psx\input\negcon.cpp">
      <Filter>mednafen\psx\input</Filter>
    </ClCompile>
    <ClCompile Include="..\mednafen\video\Deinterlacer.cpp">
      <Filter>mednafen\video</Filter>
    </ClCompile>
    <ClCompile Include="..\mednafen\video\surface.cpp">
      <Filter>mednafen\video</Filter>
    </ClCompile>
    <ClCompile Include="..\mednafen\cdrom\audioreader.cpp">
      <Filter>mednafen\cdrom</Filter>
    </ClCompile>
    <ClCompile Include="..\mednafen\cdrom\CDAccess.cpp">
      <Filter>mednafen\cdrom</Filter>
    </ClCompile>
    <ClCompile Include="..\mednafen\cdrom\CDAccess_CCD.cpp">
      <Filter>mednafen\cdrom</Filter>
    </ClCompile>
    <ClCompile Include="..\mednafen\cdrom\CDAccess_Image.cpp">
      <Filter>mednafen\cdrom</Filter>
    </ClCompile>
    <ClCompile Include="..\mednafen\cdrom\cdromif.cpp">
      <Filter>mednafen\cdrom</Filter>
    </ClCompile>
    <ClCompile Include="..\mednafen\cdrom\CDUtility.c">
      <Filter>mednafen\cdrom</Filter>
    </ClCompile>
    <ClCompile Include="..\mednafen\cdrom\edc_crc32.c">
      <Filter>mednafen\cdrom</Filter>
    </ClCompile>
    <ClCompile Include="..\mednafen\cdrom\galois.c">
      <Filter>mednafen\cdrom</Filter>
    </ClCompile>
    <ClCompile Include="..\mednafen\cdrom\l-ec.c">
      <Filter>mednafen\cdrom</Filter>
    </ClCompile>
    <ClCompile Include="..\mednafen\cdrom\lec.c">
      <Filter>mednafen\cdrom</Filter>
    </ClCompile>
    <ClCompile Include="..\mednafen\cdrom\misc.cpp">
      <Filter>mednafen\cdrom</Filter>
    </ClCompile>
    <ClCompile Include="..\mednafen\cdrom\recover-raw.c">
      <Filter>mednafen\cdrom</Filter>
    </ClCompile>
    <ClCompile Include="..\mednafen\tremor\bitwise.c">
      <Filter>mednafen\tremor</Filter>
    </ClCompile>
    <ClCompile Include="..\mednafen\tremor\block.c">
      <Filter>mednafen\tremor</Filter>
    </ClCompile>
    <ClCompile Include="..\mednafen\tremor\codebook.c">
      <Filter>mednafen\tremor</Filter>
    </ClCompile>
    <ClCompile Include="..\mednafen\tremor\floor0.c">
      <Filter>mednafen\tremor</Filter>
    </ClCompile>
    <ClCompile Include="..\mednafen\tremor\floor1.c">
      <Filter>mednafen\tremor</Filter>
    </ClCompile>
    <ClCompile Include="..\mednafen\tremor\framing.c">
      <Filter>mednafen\tremor</Filter>
    </ClCompile>
    <ClCompile Include="..\mednafen\tremor\info.c">
      <Filter>mednafen\tremor</Filter>
    </ClCompile>
    <ClCompile Include="..\mednafen\tremor\mapping0.c">
      <Filter>mednafen\tremor</Filter>
    </ClCompile>
    <ClCompile Include="..\mednafen\tremor\mdct.c">
      <Filter>mednafen\tremor</Filter>
    </ClCompile>
    <ClCompile Include="..\mednafen\tremor\registry.c">
      <Filter>mednafen\tremor</Filter>
    </ClCompile>
    <ClCompile Include="..\mednafen\tremor\res012.c">
      <Filter>mednafen\tremor</Filter>
    </ClCompile>
    <ClCompile Include="..\mednafen\tremor\sharedbook.c">
      <Filter>mednafen\tremor</Filter>
    </ClCompile>
    <ClCompile Include="..\mednafen\tremor\synthesis.c">
      <Filter>mednafen\tremor</Filter>
    </ClCompile>
    <ClCompile Include="..\mednafen\tremor\vorbisfile.c">
      <Filter>mednafen\tremor</Filter>
    </ClCompile>
    <ClCompile Include="..\mednafen\tremor\window.c">
      <Filter>mednafen\tremor</Filter>
    </ClCompile>
    <ClCompile Include="..\libretro.cpp" />
    <ClCompile Include="..\rsx\rsx_intf.cpp">
      <Filter>rsx</Filter>
    </ClCompile>
    <ClCompile Include="..\rsx\rsx_lib_gl.cpp">
      <Filter>rsx</Filter>
    </ClCompile>
    <ClCompile Include="..\rsx\rsx_lib_soft.c">
      <Filter>rsx</Filter>
    </ClCompile>
    <ClCompile Include="..\libretro-common\glsm\glsm.c">
      <Filter>libretro-common\glsm</Filter>
    </ClCompile>
    <ClCompile Include="..\libretro-common\glsym\glsym_gl.c">
      <Filter>libretro-common\glsym</Filter>
    </ClCompile>
    <ClCompile Include="..\libretro-common\glsym\rglgen.c">
      <Filter>libretro-common\glsym</Filter>
    </ClCompile>
    <ClCompile Include="..\mednafen\cdrom\CDAccess_PBP.cpp">
      <Filter>mednafen\cdrom</Filter>
    </ClCompile>
    <ClCompile Include="..\deps\zlib\gzread.c">
      <Filter>deps\zlib</Filter>
    </ClCompile>
    <ClCompile Include="..\deps\zlib\gzwrite.c">
      <Filter>deps\zlib</Filter>
    </ClCompile>
    <ClCompile Include="..\deps\zlib\inffast.c">
      <Filter>deps\zlib</Filter>
    </ClCompile>
    <ClCompile Include="..\deps\zlib\inflate.c">
      <Filter>deps\zlib</Filter>
    </ClCompile>
    <ClCompile Include="..\deps\zlib\inftrees.c">
      <Filter>deps\zlib</Filter>
    </ClCompile>
    <ClCompile Include="..\deps\zlib\trees.c">
      <Filter>deps\zlib</Filter>
    </ClCompile>
    <ClCompile Include="..\deps\zlib\uncompr.c">
      <Filter>deps\zlib</Filter>
    </ClCompile>
    <ClCompile Include="..\deps\zlib\zutil.c">
      <Filter>deps\zlib</Filter>
    </ClCompile>
    <ClCompile Include="..\deps\zlib\adler32.c">
      <Filter>deps\zlib</Filter>
    </ClCompile>
    <ClCompile Include="..\deps\zlib\compress.c">
      <Filter>deps\zlib</Filter>
    </ClCompile>
    <ClCompile Include="..\deps\zlib\crc32.c">
      <Filter>deps\zlib</Filter>
    </ClCompile>
    <ClCompile Include="..\deps\zlib\deflate.c">
      <Filter>deps\zlib</Filter>
    </ClCompile>
    <ClCompile Include="..\deps\zlib\gzclose.c">
      <Filter>deps\zlib</Filter>
    </ClCompile>
    <ClCompile Include="..\deps\zlib\gzlib.c">
      <Filter>deps\zlib</Filter>
    </ClCompile>
    <ClCompile Include="..\deps\libkirk\bn.c">
      <Filter>deps\libkirk</Filter>
    </ClCompile>
    <ClCompile Include="..\deps\libkirk\des.c">
      <Filter>deps\libkirk</Filter>
    </ClCompile>
    <ClCompile Include="..\deps\libkirk\ec.c">
      <Filter>deps\libkirk</Filter>
    </ClCompile>
    <ClCompile Include="..\deps\libkirk\kirk_engine.c">
      <Filter>deps\libkirk</Filter>
    </ClCompile>
    <ClCompile Include="..\deps\libkirk\sha1.c">
      <Filter>deps\libkirk</Filter>
    </ClCompile>
    <ClCompile Include="..\deps\libkirk\aes.c">
      <Filter>deps\libkirk</Filter>
    </ClCompile>
    <ClCompile Include="..\deps\libkirk\amctrl.c">
      <Filter>deps\libkirk</Filter>
    </ClCompile>
    <ClCompile Include="..\libretro-common\string\stdstring.c">
      <Filter>libretro-common\string</Filter>
    </ClCompile>
    <ClCompile Include="..\pgxp\pgxp_cpu.c">
      <Filter>pgxp</Filter>
    </ClCompile>
    <ClCompile Include="..\pgxp\pgxp_debug.c">
      <Filter>pgxp</Filter>
    </ClCompile>
    <ClCompile Include="..\pgxp\pgxp_gte.c">
      <Filter>pgxp</Filter>
    </ClCompile>
    <ClCompile Include="..\pgxp\pgxp_mem.c">
      <Filter>pgxp</Filter>
    </ClCompile>
    <ClCompile Include="..\pgxp\pgxp_value.c">
      <Filter>pgxp</Filter>
    </ClCompile>
    <ClCompile Include="..\pgxp\pgxp_gpu.c">
      <Filter>pgxp</Filter>
    </ClCompile>
    <ClCompile Include="..\pgxp\pgxp_main.c">
      <Filter>pgxp</Filter>
    </ClCompile>
    <ClCompile Include="..\libretro_cbs.c" />
    <ClCompile Include="..\input.cpp" />
    <ClCompile Include="..\deps\lzma-16.04\C\Alloc.c">
      <Filter>deps\lzma</Filter>
    </ClCompile>
    <ClCompile Include="..\deps\lzma-16.04\C\Bra.c">
      <Filter>deps\lzma</Filter>
    </ClCompile>
    <ClCompile Include="..\deps\lzma-16.04\C\Bra86.c">
      <Filter>deps\lzma</Filter>
    </ClCompile>
    <ClCompile Include="..\deps\lzma-16.04\C\BraIA64.c">
      <Filter>deps\lzma</Filter>
    </ClCompile>
    <ClCompile Include="..\deps\lzma-16.04\C\CpuArch.c">
      <Filter>deps\lzma</Filter>
    </ClCompile>
    <ClCompile Include="..\deps\lzma-16.04\C\Delta.c">
      <Filter>deps\lzma</Filter>
    </ClCompile>
    <ClCompile Include="..\deps\lzma-16.04\C\LzFind.c">
      <Filter>deps\lzma</Filter>
    </ClCompile>
    <ClCompile Include="..\deps\lzma-16.04\C\Lzma86Dec.c">
      <Filter>deps\lzma</Filter>
    </ClCompile>
    <ClCompile Include="..\deps\lzma-16.04\C\Lzma86Enc.c">
      <Filter>deps\lzma</Filter>
    </ClCompile>
    <ClCompile Include="..\deps\lzma-16.04\C\LzmaDec.c">
      <Filter>deps\lzma</Filter>
    </ClCompile>
    <ClCompile Include="..\deps\lzma-16.04\C\LzmaEnc.c">
      <Filter>deps\lzma</Filter>
    </ClCompile>
    <ClCompile Include="..\deps\lzma-16.04\C\LzmaLib.c">
      <Filter>deps\lzma</Filter>
    </ClCompile>
    <ClCompile Include="..\deps\lzma-16.04\C\Sort.c">
      <Filter>deps\lzma</Filter>
    </ClCompile>
    <ClCompile Include="..\deps\flac-1.3.2\src\libFLAC\bitmath.c">
      <Filter>flac</Filter>
    </ClCompile>
    <ClCompile Include="..\deps\flac-1.3.2\src\libFLAC\bitreader.c">
      <Filter>flac</Filter>
    </ClCompile>
    <ClCompile Include="..\deps\flac-1.3.2\src\libFLAC\cpu.c">
      <Filter>flac</Filter>
    </ClCompile>
    <ClCompile Include="..\deps\flac-1.3.2\src\libFLAC\crc.c">
      <Filter>flac</Filter>
    </ClCompile>
    <ClCompile Include="..\deps\flac-1.3.2\src\libFLAC\fixed.c">
      <Filter>flac</Filter>
    </ClCompile>
    <ClCompile Include="..\deps\flac-1.3.2\src\libFLAC\fixed_intrin_sse2.c">
      <Filter>flac</Filter>
    </ClCompile>
    <ClCompile Include="..\deps\flac-1.3.2\src\libFLAC\fixed_intrin_ssse3.c">
      <Filter>flac</Filter>
    </ClCompile>
    <ClCompile Include="..\deps\flac-1.3.2\src\libFLAC\float.c">
      <Filter>flac</Filter>
    </ClCompile>
    <ClCompile Include="..\deps\flac-1.3.2\src\libFLAC\lpc.c">
      <Filter>flac</Filter>
    </ClCompile>
    <ClCompile Include="..\deps\flac-1.3.2\src\libFLAC\lpc_intrin_avx2.c">
      <Filter>flac</Filter>
    </ClCompile>
    <ClCompile Include="..\deps\flac-1.3.2\src\libFLAC\lpc_intrin_sse.c">
      <Filter>flac</Filter>
    </ClCompile>
    <ClCompile Include="..\deps\flac-1.3.2\src\libFLAC\lpc_intrin_sse2.c">
      <Filter>flac</Filter>
    </ClCompile>
    <ClCompile Include="..\deps\flac-1.3.2\src\libFLAC\lpc_intrin_sse41.c">
      <Filter>flac</Filter>
    </ClCompile>
    <ClCompile Include="..\deps\flac-1.3.2\src\libFLAC\md5.c">
      <Filter>flac</Filter>
    </ClCompile>
    <ClCompile Include="..\deps\flac-1.3.2\src\libFLAC\memory.c">
      <Filter>flac</Filter>
    </ClCompile>
    <ClCompile Include="..\deps\flac-1.3.2\src\libFLAC\window.c">
      <Filter>flac</Filter>
    </ClCompile>
    <ClCompile Include="..\deps\flac-1.3.2\src\libFLAC\windows_unicode_filenames.c">
      <Filter>flac</Filter>
    </ClCompile>
    <ClCompile Include="..\deps\flac-1.3.2\src\libFLAC\stream_decoder.c">
      <Filter>flac</Filter>
    </ClCompile>
    <ClCompile Include="..\deps\flac-1.3.2\src\libFLAC\metadata_object.c">
      <Filter>flac</Filter>
    </ClCompile>
    <ClCompile Include="..\deps\flac-1.3.2\src\libFLAC\metadata_iterators.c">
      <Filter>flac</Filter>
    </ClCompile>
    <ClCompile Include="..\libretro-common\hash\rhash.c">
      <Filter>libretro-common\hash</Filter>
    </ClCompile>
    <ClCompile Include="..\libretro-common\encodings\encoding_utf.c">
      <Filter>libretro-common\encodings</Filter>
    </ClCompile>
    <ClCompile Include="..\libretro-common\compat\compat_posix_string.c">
      <Filter>libretro-common\compat</Filter>
    </ClCompile>
    <ClCompile Include="..\libretro-common\compat\compat_strcasestr.c">
      <Filter>libretro-common\compat</Filter>
    </ClCompile>
    <ClCompile Include="..\libretro-common\compat\compat_strl.c">
      <Filter>libretro-common\compat</Filter>
    </ClCompile>
    <ClCompile Include="..\deps\crypto\sha1.c">
      <Filter>deps\crypto</Filter>
    </ClCompile>
    <ClCompile Include="..\deps\crypto\md5.c">
      <Filter>deps\crypto</Filter>
    </ClCompile>
    <ClCompile Include="..\deps\libchdr\bitstream.c">
      <Filter>deps\libchdr</Filter>
    </ClCompile>
    <ClCompile Include="..\deps\libchdr\cdrom.c">
      <Filter>deps\libchdr</Filter>
    </ClCompile>
    <ClCompile Include="..\deps\libchdr\chd.c">
      <Filter>deps\libchdr</Filter>
    </ClCompile>
    <ClCompile Include="..\deps\libchdr\flac.c">
      <Filter>deps\libchdr</Filter>
    </ClCompile>
    <ClCompile Include="..\deps\libchdr\huffman.c">
      <Filter>deps\libchdr</Filter>
    </ClCompile>
    <ClCompile Include="..\libretro-common\vfs\vfs_implementation.c">
      <Filter>libretro-common\vfs</Filter>
    </ClCompile>
    <ClCompile Include="..\libretro-common\compat\fopen_utf8.c">
      <Filter>libretro-common\compat</Filter>
    </ClCompile>
    <ClCompile Include="..\libretro-common\streams\file_stream_transforms.c">
      <Filter>libretro-common\streams</Filter>
    </ClCompile>
    <ClCompile Include="..\mednafen\cdrom\CDAccess_CHD.cpp">
      <Filter>mednafen\cdrom</Filter>
    </ClCompile>
    <ClCompile Include="..\deps\flac-1.3.2\src\libFLAC\format.c">
      <Filter>flac</Filter>
    </ClCompile>
    <ClCompile Include="..\mednafen\mednafen-endian.cpp">
      <Filter>mednafen</Filter>
    </ClCompile>
    <ClCompile Include="..\parallel-psx\atlas\atlas.cpp">
      <Filter>parallel-psx\atlas</Filter>
    </ClCompile>
    <ClCompile Include="..\parallel-psx\vulkan\buffer.cpp">
      <Filter>parallel-psx\vulkan</Filter>
    </ClCompile>
    <ClCompile Include="..\parallel-psx\vulkan\chain_allocator.cpp">
      <Filter>parallel-psx\vulkan</Filter>
    </ClCompile>
    <ClCompile Include="..\parallel-psx\vulkan\command_buffer.cpp">
      <Filter>parallel-psx\vulkan</Filter>
    </ClCompile>
    <ClCompile Include="..\parallel-psx\vulkan\command_pool.cpp">
      <Filter>parallel-psx\vulkan</Filter>
    </ClCompile>
    <ClCompile Include="..\parallel-psx\vulkan\cookie.cpp">
      <Filter>parallel-psx\vulkan</Filter>
    </ClCompile>
    <ClCompile Include="..\parallel-psx\vulkan\descriptor_set.cpp">
      <Filter>parallel-psx\vulkan</Filter>
    </ClCompile>
    <ClCompile Include="..\parallel-psx\vulkan\device.cpp">
      <Filter>parallel-psx\vulkan</Filter>
    </ClCompile>
    <ClCompile Include="..\parallel-psx\vulkan\fence_manager.cpp">
      <Filter>parallel-psx\vulkan</Filter>
    </ClCompile>
    <ClCompile Include="..\parallel-psx\vulkan\image.cpp">
      <Filter>parallel-psx\vulkan</Filter>
    </ClCompile>
    <ClCompile Include="..\parallel-psx\vulkan\memory_allocator.cpp">
      <Filter>parallel-psx\vulkan</Filter>
    </ClCompile>
    <ClCompile Include="..\parallel-psx\vulkan\render_pass.cpp">
      <Filter>parallel-psx\vulkan</Filter>
    </ClCompile>
    <ClCompile Include="..\parallel-psx\renderer\renderer.cpp">
      <Filter>parallel-psx\renderer</Filter>
    </ClCompile>
    <ClCompile Include="..\rsx\rsx_lib_vulkan.cpp">
      <Filter>rsx</Filter>
    </ClCompile>
    <ClCompile Include="..\parallel-psx\vulkan\sampler.cpp">
      <Filter>parallel-psx\vulkan</Filter>
    </ClCompile>
    <ClCompile Include="..\parallel-psx\vulkan\SPIRV-Cross\spirv_cross.cpp">
      <Filter>parallel-psx\vulkan\SPIRV-Cross</Filter>
    </ClCompile>
    <ClCompile Include="..\parallel-psx\vulkan\semaphore.cpp">
      <Filter>parallel-psx\vulkan</Filter>
    </ClCompile>
    <ClCompile Include="..\parallel-psx\vulkan\semaphore_manager.cpp">
      <Filter>parallel-psx\vulkan</Filter>
    </ClCompile>
    <ClCompile Include="..\parallel-psx\vulkan\shader.cpp">
      <Filter>parallel-psx\vulkan</Filter>
    </ClCompile>
    <ClCompile Include="..\parallel-psx\vulkan\vulkan.cpp">
      <Filter>parallel-psx\vulkan</Filter>
    </ClCompile>
    <ClCompile Include="..\parallel-psx\vulkan\vulkan_symbol_wrapper.cpp">
      <Filter>parallel-psx\vulkan</Filter>
    </ClCompile>
  </ItemGroup>
</Project>