
Microsoft Visual Studio Solution File, Format Version 12.00
# Visual Studio 15
VisualStudioVersion = 15.0.27428.1
MinimumVisualStudioVersion = 10.0.40219.1
Project("{8BC9CEB8-8B4A-11D0-8D11-00A0C91BC942}") = "mednafen_psx_libretro", "mednafen_psx_libretro.vcxproj", "{9CA79DB2-1585-44DB-98E8-A0E8139B905A}"
EndProject
Global
	GlobalSection(SolutionConfigurationPlatforms) = preSolution
		Debug|x64 = Debug|x64
		Debug|x86 = Debug|x86
		Release|x64 = Release|x64
		Release|x86 = Release|x86
	EndGlobalSection
	GlobalSection(ProjectConfigurationPlatforms) = postSolution
		{9CA79DB2-1585-44DB-98E8-A0E8139B905A}.Debug|x64.ActiveCfg = Debug|x64
		{9CA79DB2-1585-44DB-98E8-A0E8139B905A}.Debug|x64.Build.0 = Debug|x64
		{9CA79DB2-1585-44DB-98E8-A0E8139B905A}.Debug|x86.ActiveCfg = Debug|Win32
		{9CA79DB2-1585-44DB-98E8-A0E8139B905A}.Debug|x86.Build.0 = Debug|Win32
		{9CA79DB2-1585-44DB-98E8-A0E8139B905A}.Release|x64.ActiveCfg = Release|x64
		{9CA79DB2-1585-44DB-98E8-A0E8139B905A}.Release|x64.Build.0 = Release|x64
		{9CA79DB2-1585-44DB-98E8-A0E8139B905A}.Release|x86.ActiveCfg = Release|Win32
		{9CA79DB2-1585-44DB-98E8-A0E8139B905A}.Release|x86.Build.0 = Release|Win32
	EndGlobalSection
	GlobalSection(SolutionProperties) = preSolution
		HideSolutionNode = FALSE
	EndGlobalSection
	GlobalSection(ExtensibilityGlobals) = postSolution
		SolutionGuid = {A8EAEDB8-2574-46D3-AC88-9B124F9F0EFE}
	EndGlobalSection
EndGlobal
